
Microsoft Visual Studio Solution File, Format Version 12.00
# Visual Studio Version 17
VisualStudioVersion = 17.4.33205.214
MinimumVisualStudioVersion = 10.0.40219.1
Project("{FAE04EC0-301F-11D3-BF4B-00C04F79EFBC}") = "ShellSampleNavigation", "ShellSampleNavigation\ShellSampleNavigation.csproj", "{C63D4166-1302-4B0D-9851-2F7A54E8475C}"
EndProject
Global
	GlobalSection(SolutionConfigurationPlatforms) = preSolution
		Debug|Any CPU = Debug|Any CPU
		Release|Any CPU = Release|Any CPU
	EndGlobalSection
	GlobalSection(ProjectConfigurationPlatforms) = postSolution
		{C63D4166-1302-4B0D-9851-2F7A54E8475C}.Debug|Any CPU.ActiveCfg = Debug|Any CPU
		{C63D4166-1302-4B0D-9851-2F7A54E8475C}.Debug|Any CPU.Build.0 = Debug|Any CPU
		{C63D4166-1302-4B0D-9851-2F7A54E8475C}.Debug|Any CPU.Deploy.0 = Debug|Any CPU
		{C63D4166-1302-4B0D-9851-2F7A54E8475C}.Release|Any CPU.ActiveCfg = Release|Any CPU
		{C63D4166-1302-4B0D-9851-2F7A54E8475C}.Release|Any CPU.Build.0 = Release|Any CPU
		{C63D4166-1302-4B0D-9851-2F7A54E8475C}.Release|Any CPU.Deploy.0 = Release|Any CPU
	EndGlobalSection
	GlobalSection(SolutionProperties) = preSolution
		HideSolutionNode = FALSE
	EndGlobalSection
	GlobalSection(ExtensibilityGlobals) = postSolution
		SolutionGuid = {86558F8D-FC6B-47C5-BD3B-4A11FCEAFC1D}
	EndGlobalSection
EndGlobal
